{
  "name": "TurboTranscript",
  "lockfileVersion": 3,
  "requires": true,
  "packages": {
    "": {
      "dependencies": {
        "@dqbd/tiktoken": "^1.0.3",
        "youtube-browser-api": "^0.0.3"
      }
    },
    "node_modules/@dqbd/tiktoken": {
      "version": "1.0.3",
      "resolved": "https://registry.npmjs.org/@dqbd/tiktoken/-/tiktoken-1.0.3.tgz",
      "integrity": "sha512-xOg+NjwQE/o5Gf812W2drXGDaKiE+qKCmwxV95tQ2Y/e7aypDOntTH/UUpno82UAU2Hbyh6poDt1KXR/EFMrmQ=="
    },
    "node_modules/youtube-browser-api": {
      "version": "0.0.3",
      "resolved": "https://registry.npmjs.org/youtube-browser-api/-/youtube-browser-api-0.0.3.tgz",
      "integrity": "sha512-0kG3o7micSwZ+T98BjjpyHbBhd5WJA9898j62D7Zag6XujfUs+lm4ThhoGi/9wKD2QkA6W3cPGh0Z9TfWPm5Hg=="
    }
  }
}
